<?xml version="1.0" encoding="utf-8"?>
<Project ToolsVersion="4.0" xmlns="http://schemas.microsoft.com/developer/msbuild/2003">
  <ItemGroup>
    <Filter Include="Source Files">
      <UniqueIdentifier>{4FC737F1-C7A5-4376-A066-2A32D752A2FF}</UniqueIdentifier>
      <Extensions>cpp;c;cc;cxx;def;odl;idl;hpj;bat;asm;asmx</Extensions>
    </Filter>
    <Filter Include="Header Files">
      <UniqueIdentifier>{93995380-89BD-4b04-88EB-625FBE52EBFB}</UniqueIdentifier>
      <Extensions>h;hh;hpp;hxx;hm;inl;inc;xsd</Extensions>
    </Filter>
    <Filter Include="Resource Files">
      <UniqueIdentifier>{67DA6AB6-F800-4c08-8B7A-83BB121AAD01}</UniqueIdentifier>
      <Extensions>rc;ico;cur;bmp;dlg;rc2;rct;bin;rgs;gif;jpg;jpeg;jpe;resx;tiff;tif;png;wav;mfcribbon-ms</Extensions>
    </Filter>
  </ItemGroup>
  <ItemGroup>
    <ClInclude Include="CppClient\Shared\CommissionReport.h">
      <Filter>Header Files</Filter>
    </ClInclude>
    <ClInclude Include="CppClient\Shared\CommonDefs.h">
      <Filter>Header Files</Filter>
    </ClInclude>
    <ClInclude Include="CppClient\Shared\Contract.h">
      <Filter>Header Files</Filter>
    </ClInclude>
    <ClInclude Include="CppClient\Shared\EClient.h">
      <Filter>Header Files</Filter>
    </ClInclude>
    <ClInclude Include="CppClient\Shared\EClientSocketBase.h">
      <Filter>Header Files</Filter>
    </ClInclude>
    <ClInclude Include="CppClient\Shared\EClientSocketBaseImpl.h">
      <Filter>Header Files</Filter>
    </ClInclude>
    <ClInclude Include="CppClient\Shared\EWrapper.h">
      <Filter>Header Files</Filter>
    </ClInclude>
    <ClInclude Include="CppClient\Shared\Execution.h">
      <Filter>Header Files</Filter>
    </ClInclude>
    <ClInclude Include="CppClient\Shared\HScrollListBox.h">
      <Filter>Header Files</Filter>
    </ClInclude>
    <ClInclude Include="CppClient\Shared\IBString.h">
      <Filter>Header Files</Filter>
    </ClInclude>
    <ClInclude Include="CppClient\Shared\Order.h">
      <Filter>Header Files</Filter>
    </ClInclude>
    <ClInclude Include="CppClient\Shared\OrderState.h">
      <Filter>Header Files</Filter>
    </ClInclude>
    <ClInclude Include="CppClient\Shared\ScannerSubscription.h">
      <Filter>Header Files</Filter>
    </ClInclude>
    <ClInclude Include="CppClient\Shared\shared_ptr.h">
      <Filter>Header Files</Filter>
    </ClInclude>
    <ClInclude Include="CppClient\Shared\StdAfx.h">
      <Filter>Header Files</Filter>
    </ClInclude>
    <ClInclude Include="CppClient\Shared\TagValue.h">
      <Filter>Header Files</Filter>
    </ClInclude>
    <ClInclude Include="CppClient\Shared\TwsSocketClientErrors.h">
      <Filter>Header Files</Filter>
    </ClInclude>
    <ClInclude Include="CppClient\src\EClientSocket.h">
      <Filter>Header Files</Filter>
    </ClInclude>
    <ClInclude Include="TestCpp\AcctUpdatesDlg.h">
      <Filter>Header Files</Filter>
    </ClInclude>
    <ClInclude Include="TestCpp\client2.h">
      <Filter>Header Files</Filter>
    </ClInclude>
    <ClInclude Include="TestCpp\client2Dlg.h">
      <Filter>Header Files</Filter>
    </ClInclude>
    <ClInclude Include="TestCpp\DlgAccount.h">
      <Filter>Header Files</Filter>
    </ClInclude>
    <ClInclude Include="TestCpp\DlgAccountSummary.h">
      <Filter>Header Files</Filter>
    </ClInclude>
    <ClInclude Include="TestCpp\DlgAlgoParams.h">
      <Filter>Header Files</Filter>
    </ClInclude>
    <ClInclude Include="TestCpp\DlgComboLegs.h">
      <Filter>Header Files</Filter>
    </ClInclude>
    <ClInclude Include="TestCpp\DlgConnect.h">
      <Filter>Header Files</Filter>
    </ClInclude>
    <ClInclude Include="TestCpp\DlgExtOrd.h">
      <Filter>Header Files</Filter>
    </ClInclude>
    <ClInclude Include="TestCpp\DlgFAAllocationInfo.h">
      <Filter>Header Files</Filter>
    </ClInclude>
    <ClInclude Include="TestCpp\DlgFinancialAdvisor.h">
      <Filter>Header Files</Filter>
    </ClInclude>
    <ClInclude Include="TestCpp\DlgLogConfig.h">
      <Filter>Header Files</Filter>
    </ClInclude>
    <ClInclude Include="TestCpp\DlgMktDepth.h">
      <Filter>Header Files</Filter>
    </ClInclude>
    <ClInclude Include="TestCpp\DlgNewsBulletins.h">
      <Filter>Header Files</Filter>
    </ClInclude>
    <ClInclude Include="TestCpp\DlgOrder.h">
      <Filter>Header Files</Filter>
    </ClInclude>
    <ClInclude Include="TestCpp\DlgScanner.h">
      <Filter>Header Files</Filter>
    </ClInclude>
    <ClInclude Include="TestCpp\DlgSmartComboRoutingParams.h">
      <Filter>Header Files</Filter>
    </ClInclude>
    <ClInclude Include="TestCpp\DlgUnderComp.h">
      <Filter>Header Files</Filter>
    </ClInclude>
    <ClInclude Include="TestCpp\resource.h">
      <Filter>Header Files</Filter>
    </ClInclude>
    <ClInclude Include="TestCpp\RptFilterDlg.h">
      <Filter>Header Files</Filter>
    </ClInclude>
    <ClInclude Include="TestCpp\StdAfx.h">
      <Filter>Header Files</Filter>
    </ClInclude>
    <ClInclude Include="TestCpp\myTrader\Market.h">
      <Filter>Header Files</Filter>
    </ClInclude>
  </ItemGroup>
  <ItemGroup>
    <ClCompile Include="CppClient\Shared\HScrollListBox.cpp">
      <Filter>Source Files</Filter>
    </ClCompile>
    <ClCompile Include="CppClient\src\EClientSocket.cpp">
      <Filter>Source Files</Filter>
    </ClCompile>
    <ClCompile Include="CppClient\src\EClientSocketBase.cpp">
      <Filter>Source Files</Filter>
    </ClCompile>
    <ClCompile Include="TestCpp\AcctUpdatesDlg.cpp">
      <Filter>Source Files</Filter>
    </ClCompile>
    <ClCompile Include="TestCpp\client2.cpp">
      <Filter>Source Files</Filter>
    </ClCompile>
    <ClCompile Include="TestCpp\client2Dlg.cpp">
      <Filter>Source Files</Filter>
    </ClCompile>
    <ClCompile Include="TestCpp\DlgAccount.cpp">
      <Filter>Source Files</Filter>
    </ClCompile>
    <ClCompile Include="TestCpp\DlgAccountSummary.cpp">
      <Filter>Source Files</Filter>
    </ClCompile>
    <ClCompile Include="TestCpp\DlgAlgoParams.cpp">
      <Filter>Source Files</Filter>
    </ClCompile>
    <ClCompile Include="TestCpp\DlgComboLegs.cpp">
      <Filter>Source Files</Filter>
    </ClCompile>
    <ClCompile Include="TestCpp\DlgConnect.cpp">
      <Filter>Source Files</Filter>
    </ClCompile>
    <ClCompile Include="TestCpp\DlgExtOrd.cpp">
      <Filter>Source Files</Filter>
    </ClCompile>
    <ClCompile Include="TestCpp\DlgFAAllocationInfo.cpp">
      <Filter>Source Files</Filter>
    </ClCompile>
    <ClCompile Include="TestCpp\DlgFinancialAdvisor.cpp">
      <Filter>Source Files</Filter>
    </ClCompile>
    <ClCompile Include="TestCpp\DlgLogConfig.cpp">
      <Filter>Source Files</Filter>
    </ClCompile>
    <ClCompile Include="TestCpp\DlgMktDepth.cpp">
      <Filter>Source Files</Filter>
    </ClCompile>
    <ClCompile Include="TestCpp\DlgNewsBulletins.cpp">
      <Filter>Source Files</Filter>
    </ClCompile>
    <ClCompile Include="TestCpp\DlgOrder.cpp">
      <Filter>Source Files</Filter>
    </ClCompile>
    <ClCompile Include="TestCpp\DlgScanner.cpp">
      <Filter>Source Files</Filter>
    </ClCompile>
    <ClCompile Include="TestCpp\DlgSmartComboRoutingParams.cpp">
      <Filter>Source Files</Filter>
    </ClCompile>
    <ClCompile Include="TestCpp\DlgUnderComp.cpp">
      <Filter>Source Files</Filter>
    </ClCompile>
    <ClCompile Include="TestCpp\RptFilterDlg.cpp">
      <Filter>Source Files</Filter>
    </ClCompile>
    <ClCompile Include="TestCpp\StdAfx.cpp">
      <Filter>Source Files</Filter>
    </ClCompile>
    <ClCompile Include="TestCpp\myTrader\Market.cpp">
      <Filter>Source Files</Filter>
    </ClCompile>
  </ItemGroup>
  <ItemGroup>
    <ResourceCompile Include="TestCpp\client2.rc">
      <Filter>Resource Files</Filter>
    </ResourceCompile>
  </ItemGroup>
  <ItemGroup>
    <None Include="TestCpp\res\client2.rc2">
      <Filter>Resource Files</Filter>
    </None>
    <None Include="ClassDiagram.cd" />
  </ItemGroup>
</Project>